---
lockfileVersion: 1
lockfileVendor: redhat
arches:
- arch: x86_64
  packages:
  - url: https://cdn-ubi.redhat.com/content/public/ubi/dist/ubi9/9/x86_64/appstream/os/Packages/c/containers-common-1-135.el9_7.x86_64.rpm
    repoid: ubi-9-for-x86_64-appstream-rpms
    size: 156920
    checksum: sha256:16cb92580716383f26c806fe8e01cad9ec3c370d941f95afaa2657003e1d18df
    name: containers-common
    evr: 4:1-135.el9_7
    sourcerpm: containers-common-1-135.el9_7.src.rpm
  - url: https://cdn-ubi.redhat.com/content/public/ubi/dist/ubi9/9/x86_64/appstream/os/Packages/c/criu-3.19-3.el9.x86_64.rpm
    repoid: ubi-9-for-x86_64-appstream-rpms
    size: 569988
    checksum: sha256:991367e0ca6f3b1672f98ffccc32d43c2b959bf8b82562b79e9f9ff5be23642b
    name: criu
    evr: 3.19-3.el9
    sourcerpm: criu-3.19-3.el9.src.rpm
  - url: https://cdn-ubi.redhat.com/content/public/ubi/dist/ubi9/9/x86_64/appstream/os/Packages/c/criu-libs-3.19-3.el9.x86_64.rpm
    repoid: ubi-9-for-x86_64-appstream-rpms
    size: 31913
    checksum: sha256:37144e6c13da6a622fb1f15d0ff3a36fc359477db916a157fefb5d1934881614
    name: criu-libs
    evr: 3.19-3.el9
    sourcerpm: criu-3.19-3.el9.src.rpm
  - url: https://cdn-ubi.redhat.com/content/public/ubi/dist/ubi9/9/x86_64/appstream/os/Packages/c/crun-1.27-1.el9_7.x86_64.rpm
    repoid: ubi-9-for-x86_64-appstream-rpms
    size: 268352
    checksum: sha256:61b1d11863da6f3c0854fe7d83e97fb32e76569c64eaa413b6146b22beacf49a
    name: crun
    evr: 1.27-1.el9_7
    sourcerpm: crun-1.27-1.el9_7.src.rpm
  - url: https://cdn-ubi.redhat.com/content/public/ubi/dist/ubi9/9/x86_64/appstream/os/Packages/f/fuse-overlayfs-1.16-1.el9_7.x86_64.rpm
    repoid: ubi-9-for-x86_64-appstream-rpms
    size: 67299
    checksum: sha256:e5069c6983d99bbd995748e9cd50712b8daaef07750d270c65246278b71fc37a
    name: fuse-overlayfs
    evr: 1.16-1.el9_7
    sourcerpm: fuse-overlayfs-1.16-1.el9_7.src.rpm
  - url: https://cdn-ubi.redhat.com/content/public/ubi/dist/ubi9/9/x86_64/appstream/os/Packages/f/fuse3-3.10.2-9.el9.x86_64.rpm
    repoid: ubi-9-for-x86_64-appstream-rpms
    size: 58706
    checksum: sha256:4674b4ee6150c8f8be01a028a471c209a6be7c0cf78e9450cf28fb01eaed9ea2
    name: fuse3
    evr: 3.10.2-9.el9
    sourcerpm: fuse3-3.10.2-9.el9.src.rpm
  - url: https://cdn-ubi.redhat.com/content/public/ubi/dist/ubi9/9/x86_64/appstream/os/Packages/f/fuse3-libs-3.10.2-9.el9.x86_64.rpm
    repoid: ubi-9-for-x86_64-appstream-rpms
    size: 95573
    checksum: sha256:945e1d95edbce9c7dba52e9317d4564381efa5a1ba48d4bd49a58c85e47cd717
    name: fuse3-libs
    evr: 3.10.2-9.el9
    sourcerpm: fuse3-3.10.2-9.el9.src.rpm
  - url: https://cdn-ubi.redhat.com/content/public/ubi/dist/ubi9/9/x86_64/appstream/os/Packages/g/git-core-2.47.3-1.el9_6.x86_64.rpm
    repoid: ubi-9-for-x86_64-appstream-rpms
    size: 4926340
    checksum: sha256:4056d5f982607b0c8106ad1467b396be4abf150d8532fe018c9dc469cf149411
    name: git-core
    evr: 2.47.3-1.el9_6
    sourcerpm: git-2.47.3-1.el9_6.src.rpm
  - url: https://cdn-ubi.redhat.com/content/public/ubi/dist/ubi9/9/x86_64/appstream/os/Packages/l/libnet-1.2-7.el9.x86_64.rpm
    repoid: ubi-9-for-x86_64-appstream-rpms
    size: 61278
    checksum: sha256:738b9a7ab78c149487e349d90c384b59031d5763ba687a6b58a4f853671af86b
    name: libnet
    evr: 1.2-7.el9
    sourcerpm: libnet-1.2-7.el9.src.rpm
  - url: https://cdn-ubi.redhat.com/content/public/ubi/dist/ubi9/9/x86_64/appstream/os/Packages/l/libnsl2-2.0.0-1.el9.x86_64.rpm
    repoid: ubi-9-for-x86_64-appstream-rpms
    size: 33287
    checksum: sha256:052f7a182180528ba6e3c4378e5dcfb84640594a3e2e7bbe4f0167381e824ce0
    name: libnsl2
    evr: 2.0.0-1.el9
    sourcerpm: libnsl2-2.0.0-1.el9.src.rpm
  - url: https://cdn-ubi.redhat.com/content/public/ubi/dist/ubi9/9/x86_64/appstream/os/Packages/l/libslirp-4.4.0-8.el9.x86_64.rpm
    repoid: ubi-9-for-x86_64-appstream-rpms
    size: 71992
    checksum: sha256:9bd269ec50504f997683e963481f870bb937c3cfdb54a057e9acca67bf2b7631
    name: libslirp
    evr: 4.4.0-8.el9
    sourcerpm: libslirp-4.4.0-8.el9.src.rpm
  - url: https://cdn-ubi.redhat.com/content/public/ubi/dist/ubi9/9/x86_64/appstream/os/Packages/l/libxcrypt-compat-4.4.18-3.el9.x86_64.rpm
    repoid: ubi-9-for-x86_64-appstream-rpms
    size: 93189
    checksum: sha256:2bd6c288e1970a001d3a1ae69166c0d926d9c87ce892edcb2110f4e142c12a7a
    name: libxcrypt-compat
    evr: 4.4.18-3.el9
    sourcerpm: libxcrypt-4.4.18-3.el9.src.rpm
  - url: https://cdn-ubi.redhat.com/content/public/ubi/dist/ubi9/9/x86_64/appstream/os/Packages/m/mpdecimal-2.5.1-3.el9.x86_64.rpm
    repoid: ubi-9-for-x86_64-appstream-rpms
    size: 89670
    checksum: sha256:89a8c9951ac56bed2caa1adbcba349c021af1134b6e2df3fc0a8a60577a4f54d
    name: mpdecimal
    evr: 2.5.1-3.el9
    sourcerpm: mpdecimal-2.5.1-3.el9.src.rpm
  - url: https://cdn-ubi.redhat.com/content/public/ubi/dist/ubi9/9/x86_64/appstream/os/Packages/o/oniguruma-6.9.6-1.el9.5.x86_64.rpm
    repoid: ubi-9-for-x86_64-appstream-rpms
    size: 226331
    checksum: sha256:6c884cc2216e5b4699ebd8cde27b39e99532520b367f645ed6cc660d081916dc
    name: oniguruma
    evr: 6.9.6-1.el9.5
    sourcerpm: oniguruma-6.9.6-1.el9.5.src.rpm
  - url: https://cdn-ubi.redhat.com/content/public/ubi/dist/ubi9/9/x86_64/appstream/os/Packages/p/python3.11-3.11.13-5.2.el9_7.x86_64.rpm
    repoid: ubi-9-for-x86_64-appstream-rpms
    size: 31936
    checksum: sha256:24a5d9e0f61ab54e986982251c06a8d354cfa90b8e4894738db3122bfb6d8c9d
    name: python3.11
    evr: 3.11.13-5.2.el9_7
    sourcerpm: python3.11-3.11.13-5.2.el9_7.src.rpm
  - url: https://cdn-ubi.redhat.com/content/public/ubi/dist/ubi9/9/x86_64/appstream/os/Packages/p/python3.11-libs-3.11.13-5.2.el9_7.x86_64.rpm
    repoid: ubi-9-for-x86_64-appstream-rpms
    size: 10716900
    checksum: sha256:12d33828e1df45e669284bb3d67f32632185b5b4ee8a012994e0ee4c8cac3736
    name: python3.11-libs
    evr: 3.11.13-5.2.el9_7
    sourcerpm: python3.11-3.11.13-5.2.el9_7.src.rpm
  - url: https://cdn-ubi.redhat.com/content/public/ubi/dist/ubi9/9/x86_64/appstream/os/Packages/p/python3.11-pip-wheel-22.3.1-6.el9.noarch.rpm
    repoid: ubi-9-for-x86_64-appstream-rpms
    size: 1488665
    checksum: sha256:0e7e797af157c892a9fce0b6bf9f7b77db57250a16f049ae631e9acae79b5156
    name: python3.11-pip-wheel
    evr: 22.3.1-6.el9
    sourcerpm: python3.11-pip-22.3.1-6.el9.src.rpm
  - url: https://cdn-ubi.redhat.com/content/public/ubi/dist/ubi9/9/x86_64/appstream/os/Packages/p/python3.11-setuptools-wheel-65.5.1-5.el9.noarch.rpm
    repoid: ubi-9-for-x86_64-appstream-rpms
    size: 730338
    checksum: sha256:33ad44dff52114caa7b85f6e218ad5f9ccd88a538a3cf808377762ff01efb05f
    name: python3.11-setuptools-wheel
    evr: 65.5.1-5.el9
    sourcerpm: python3.11-setuptools-65.5.1-5.el9.src.rpm
  - url: https://cdn-ubi.redhat.com/content/public/ubi/dist/ubi9/9/x86_64/appstream/os/Packages/s/skopeo-1.20.0-3.el9_7.x86_64.rpm
    repoid: ubi-9-for-x86_64-appstream-rpms
    size: 8599922
    checksum: sha256:500206cfd14841e6fc29461d9847f069c4b2d298b06070854f71836254c22dd8
    name: skopeo
    evr: 2:1.20.0-3.el9_7
    sourcerpm: skopeo-1.20.0-3.el9_7.src.rpm
  - url: https://cdn-ubi.redhat.com/content/public/ubi/dist/ubi9/9/x86_64/appstream/os/Packages/s/slirp4netns-1.3.3-1.el9.x86_64.rpm
    repoid: ubi-9-for-x86_64-appstream-rpms
    size: 48562
    checksum: sha256:ba91e6e0d70be19e5f9a44e0a8f6791c49b685b42a1ad2dc64ec50e4800c7d1a
    name: slirp4netns
    evr: 1.3.3-1.el9
    sourcerpm: slirp4netns-1.3.3-1.el9.src.rpm
  - url: https://cdn-ubi.redhat.com/content/public/ubi/dist/ubi9/9/x86_64/appstream/os/Packages/y/yajl-2.1.0-25.el9.x86_64.rpm
    repoid: ubi-9-for-x86_64-appstream-rpms
    size: 42487
    checksum: sha256:f7503f34d5095303db5c57c70c5edb890dab7d0bba5920f3dcc44d7835449555
    name: yajl
    evr: 2.1.0-25.el9
    sourcerpm: yajl-2.1.0-25.el9.src.rpm
  - url: https://cdn-ubi.redhat.com/content/public/ubi/dist/ubi9/9/x86_64/baseos/os/Packages/f/file-5.39-16.el9.x86_64.rpm
    repoid: ubi-9-for-x86_64-baseos-rpms
    size: 53222
    checksum: sha256:64f29bc71f9c26e6460abaff21d8e43738077cde4fbd6d1b96825a50ba0abd74
    name: file
    evr: 5.39-16.el9
    sourcerpm: file-5.39-16.el9.src.rpm
  - url: https://cdn-ubi.redhat.com/content/public/ubi/dist/ubi9/9/x86_64/baseos/os/Packages/f/fuse-common-3.10.2-9.el9.x86_64.rpm
    repoid: ubi-9-for-x86_64-baseos-rpms
    size: 8750
    checksum: sha256:548265cbee787fa659bc79c07e15a12007f39eb70e905bf660ec488f0bb8820f
    name: fuse-common
    evr: 3.10.2-9.el9
    sourcerpm: fuse3-3.10.2-9.el9.src.rpm
  - url: https://cdn-ubi.redhat.com/content/public/ubi/dist/ubi9/9/x86_64/baseos/os/Packages/j/jq-1.6-19.el9.x86_64.rpm
    repoid: ubi-9-for-x86_64-baseos-rpms
    size: 191662
    checksum: sha256:6b4d82714813d7b4a3200bf2856a3c1493d186e9caa916d7a700ec25e4996462
    name: jq
    evr: 1.6-19.el9
    sourcerpm: jq-1.6-19.el9.src.rpm
  - url: https://cdn-ubi.redhat.com/content/public/ubi/dist/ubi9/9/x86_64/baseos/os/Packages/k/kmod-28-11.el9.x86_64.rpm
    repoid: ubi-9-for-x86_64-baseos-rpms
    size: 127775
    checksum: sha256:f85ac587f3c6abab55c30986b5f4af790c3fa2f2a413057db8e9250c79825b5d
    name: kmod
    evr: 28-11.el9
    sourcerpm: kmod-28-11.el9.src.rpm
  - url: https://cdn-ubi.redhat.com/content/public/ubi/dist/ubi9/9/x86_64/baseos/os/Packages/l/less-590-6.el9.x86_64.rpm
    repoid: ubi-9-for-x86_64-baseos-rpms
    size: 166025
    checksum: sha256:5bd040f9dd813167935fc390d546c119d90e0a9c77447a3d9ed1ef69c6f5a32a
    name: less
    evr: 590-6.el9
    sourcerpm: less-590-6.el9.src.rpm
  - url: https://cdn-ubi.redhat.com/content/public/ubi/dist/ubi9/9/x86_64/baseos/os/Packages/l/libcbor-0.7.0-5.el9.x86_64.rpm
    repoid: ubi-9-for-x86_64-baseos-rpms
    size: 60575
    checksum: sha256:588e8736af3376abfb3cdf372c10baef02c40d916a55958f3bee9767f9ad8526
    name: libcbor
    evr: 0.7.0-5.el9
    sourcerpm: libcbor-0.7.0-5.el9.src.rpm
  - url: https://cdn-ubi.redhat.com/content/public/ubi/dist/ubi9/9/x86_64/baseos/os/Packages/l/libedit-3.1-38.20210216cvs.el9.x86_64.rpm
    repoid: ubi-9-for-x86_64-baseos-rpms
    size: 109330
    checksum: sha256:9e41ff5754a5dca1308adf9617828934d56cb60d8d08f128f80e4328f69bc78c
    name: libedit
    evr: 3.1-38.20210216cvs.el9
    sourcerpm: libedit-3.1-38.20210216cvs.el9.src.rpm
  - url: https://cdn-ubi.redhat.com/content/public/ubi/dist/ubi9/9/x86_64/baseos/os/Packages/l/libfido2-1.13.0-2.el9.x86_64.rpm
    repoid: ubi-9-for-x86_64-baseos-rpms
    size: 102746
    checksum: sha256:6da940c0528f3e4453db84cb85b402c8f4293a197b1921158df9651edb4845e0
    name: libfido2
    evr: 1.13.0-2.el9
    sourcerpm: libfido2-1.13.0-2.el9.src.rpm
  - url: https://cdn-ubi.redhat.com/content/public/ubi/dist/ubi9/9/x86_64/baseos/os/Packages/l/libnl3-3.11.0-1.el9.x86_64.rpm
    repoid: ubi-9-for-x86_64-baseos-rpms
    size: 376137
    checksum: sha256:89728a253a5bf1c8e01c40573f1283d40188e003bdbd4ac565f8b0f05bced55c
    name: libnl3
    evr: 3.11.0-1.el9
    sourcerpm: libnl3-3.11.0-1.el9.src.rpm
  - url: https://cdn-ubi.redhat.com/content/public/ubi/dist/ubi9/9/x86_64/baseos/os/Packages/l/libtirpc-1.3.3-9.el9.x86_64.rpm
    repoid: ubi-9-for-x86_64-baseos-rpms
    size: 98934
    checksum: sha256:f82cd69dc3aac881d5b574930c7d274687054cb5b03d3a8e3affa7bbcd5950b1
    name: libtirpc
    evr: 1.3.3-9.el9
    sourcerpm: libtirpc-1.3.3-9.el9.src.rpm
  - url: https://cdn-ubi.redhat.com/content/public/ubi/dist/ubi9/9/x86_64/baseos/os/Packages/o/openssh-8.7p1-48.el9_7.x86_64.rpm
    repoid: ubi-9-for-x86_64-baseos-rpms
    size: 475180
    checksum: sha256:f9167df3110f931cded7e8500f501d1c0693bfbdc9cf92a77cde95f07a47f3c2
    name: openssh
    evr: 8.7p1-48.el9_7
    sourcerpm: openssh-8.7p1-48.el9_7.src.rpm
  - url: https://cdn-ubi.redhat.com/content/public/ubi/dist/ubi9/9/x86_64/baseos/os/Packages/o/openssh-clients-8.7p1-48.el9_7.x86_64.rpm
    repoid: ubi-9-for-x86_64-baseos-rpms
    size: 735877
    checksum: sha256:32685f9fc5a8b89d35da65d808f79530b49dba570ad2f3a5e26dba29324c9845
    name: openssh-clients
    evr: 8.7p1-48.el9_7
    sourcerpm: openssh-8.7p1-48.el9_7.src.rpm
  - url: https://cdn-ubi.redhat.com/content/public/ubi/dist/ubi9/9/x86_64/baseos/os/Packages/p/protobuf-c-1.3.3-13.el9.x86_64.rpm
    repoid: ubi-9-for-x86_64-baseos-rpms
    size: 38224
    checksum: sha256:9669f5bed1c9532ede399cd1ea6f8937ae7d18cfb56d59f2939a4b456390035f
    name: protobuf-c
    evr: 1.3.3-13.el9
    sourcerpm: protobuf-c-1.3.3-13.el9.src.rpm
  - url: https://cdn-ubi.redhat.com/content/public/ubi/dist/ubi9/9/x86_64/baseos/os/Packages/s/shadow-utils-subid-4.9-15.el9.x86_64.rpm
    repoid: ubi-9-for-x86_64-baseos-rpms
    size: 86604
    checksum: sha256:dd1fb90430220033adbd4c52c5c1d53323acc011245b73aafefbc9fa33f40a2b
    name: shadow-utils-subid
    evr: 2:4.9-15.el9
    sourcerpm: shadow-utils-4.9-15.el9.src.rpm
  source: []
  module_metadata: []
