---
lockfileVersion: 1
lockfileVendor: redhat
arches:
- arch: x86_64
  packages:
  - url: https://cdn-ubi.redhat.com/content/public/ubi/dist/ubi10/10/x86_64/baseos/os/Packages/a/attr-2.5.2-5.el10.x86_64.rpm
    repoid: ubi-10-for-x86_64-baseos-rpms
    size: 70040
    checksum: sha256:62d7c2ee42217663c7a7b2552a87b0c0f1918985b3a926147e0dd754505c0bf8
    name: attr
    evr: 2.5.2-5.el10
    sourcerpm: attr-2.5.2-5.el10.src.rpm
  - url: https://cdn-ubi.redhat.com/content/public/ubi/dist/ubi10/10/x86_64/baseos/os/Packages/d/dnf-4.20.0-18.el10.noarch.rpm
    repoid: ubi-10-for-x86_64-baseos-rpms
    size: 488309
    checksum: sha256:ac63cefd22499768fa1faf7d25909dc5d9e47ad1af37da73687961e2ab33b54b
    name: dnf
    evr: 4.20.0-18.el10
    sourcerpm: dnf-4.20.0-18.el10.src.rpm
  - url: https://cdn-ubi.redhat.com/content/public/ubi/dist/ubi10/10/x86_64/baseos/os/Packages/f/file-5.45-8.el10.x86_64.rpm
    repoid: ubi-10-for-x86_64-baseos-rpms
    size: 50295
    checksum: sha256:4814e52bb66fca4092066e69a07b076e01686252fa6a347a68eceb55bd49a44d
    name: file
    evr: 5.45-8.el10
    sourcerpm: file-5.45-8.el10.src.rpm
  - url: https://cdn-ubi.redhat.com/content/public/ubi/dist/ubi10/10/x86_64/baseos/os/Packages/f/file-libs-5.45-8.el10.x86_64.rpm
    repoid: ubi-10-for-x86_64-baseos-rpms
    size: 782060
    checksum: sha256:ea27833700a6fa09c6dba39125b891ecf243eb975b32ce8133a9810c0b1ad8cb
    name: file-libs
    evr: 5.45-8.el10
    sourcerpm: file-5.45-8.el10.src.rpm
  - url: https://cdn-ubi.redhat.com/content/public/ubi/dist/ubi10/10/x86_64/baseos/os/Packages/i/ima-evm-utils-1.6.2-3.el10.x86_64.rpm
    repoid: ubi-10-for-x86_64-baseos-rpms
    size: 74002
    checksum: sha256:e8652332e133fdd16a3199576ea421e873d8218e3c74f4776d886744e93ef243
    name: ima-evm-utils
    evr: 1.6.2-3.el10
    sourcerpm: ima-evm-utils-1.6.2-3.el10.src.rpm
  - url: https://cdn-ubi.redhat.com/content/public/ubi/dist/ubi10/10/x86_64/baseos/os/Packages/k/keyutils-1.6.3-5.el10.x86_64.rpm
    repoid: ubi-10-for-x86_64-baseos-rpms
    size: 81724
    checksum: sha256:9b422e69d71167a8b81a75cbd92b436bfa785ea0a1812920446bc9c213f87c34
    name: keyutils
    evr: 1.6.3-5.el10
    sourcerpm: keyutils-1.6.3-5.el10.src.rpm
  - url: https://cdn-ubi.redhat.com/content/public/ubi/dist/ubi10/10/x86_64/baseos/os/Packages/l/libcomps-0.1.21-3.el10.x86_64.rpm
    repoid: ubi-10-for-x86_64-baseos-rpms
    size: 81809
    checksum: sha256:66e110681ef63363b4534110289539c063d5416c54eae9484a31b1904f35f6d6
    name: libcomps
    evr: 0.1.21-3.el10
    sourcerpm: libcomps-0.1.21-3.el10.src.rpm
  - url: https://cdn-ubi.redhat.com/content/public/ubi/dist/ubi10/10/x86_64/baseos/os/Packages/p/python3-dnf-4.20.0-18.el10.noarch.rpm
    repoid: ubi-10-for-x86_64-baseos-rpms
    size: 658186
    checksum: sha256:5643fae6386ef3df47374492f75b035d48c5c71a46633ac89ca42b89b5b69b25
    name: python3-dnf
    evr: 4.20.0-18.el10
    sourcerpm: dnf-4.20.0-18.el10.src.rpm
  - url: https://cdn-ubi.redhat.com/content/public/ubi/dist/ubi10/10/x86_64/baseos/os/Packages/p/python3-hawkey-0.73.1-12.el10.x86_64.rpm
    repoid: ubi-10-for-x86_64-baseos-rpms
    size: 109432
    checksum: sha256:589143e04167880216cfeb3a3feea0558876693c1de0652485b81986c11b4a2e
    name: python3-hawkey
    evr: 0.73.1-12.el10
    sourcerpm: libdnf-0.73.1-12.el10.src.rpm
  - url: https://cdn-ubi.redhat.com/content/public/ubi/dist/ubi10/10/x86_64/baseos/os/Packages/p/python3-libcomps-0.1.21-3.el10.x86_64.rpm
    repoid: ubi-10-for-x86_64-baseos-rpms
    size: 53537
    checksum: sha256:f9ab7e651046597a4450308c41b905be29e60fe4e7825152c439150f7675a7a9
    name: python3-libcomps
    evr: 0.1.21-3.el10
    sourcerpm: libcomps-0.1.21-3.el10.src.rpm
  - url: https://cdn-ubi.redhat.com/content/public/ubi/dist/ubi10/10/x86_64/baseos/os/Packages/p/python3-libdnf-0.73.1-12.el10.x86_64.rpm
    repoid: ubi-10-for-x86_64-baseos-rpms
    size: 889262
    checksum: sha256:f619b49ca70b5bc1e3df09f304a0cf14bc44e0328449808f5922343439d769fc
    name: python3-libdnf
    evr: 0.73.1-12.el10
    sourcerpm: libdnf-0.73.1-12.el10.src.rpm
  - url: https://cdn-ubi.redhat.com/content/public/ubi/dist/ubi10/10/x86_64/baseos/os/Packages/p/python3-rpm-4.19.1.1-20.el10.x86_64.rpm
    repoid: ubi-10-for-x86_64-baseos-rpms
    size: 65414
    checksum: sha256:a38b77b40b16edc42c82b812f1670bb05bbb0ab9dfa81ffb82928cb68f652579
    name: python3-rpm
    evr: 4.19.1.1-20.el10
    sourcerpm: rpm-4.19.1.1-20.el10.src.rpm
  - url: https://cdn-ubi.redhat.com/content/public/ubi/dist/ubi10/10/x86_64/baseos/os/Packages/r/rpm-build-libs-4.19.1.1-20.el10.x86_64.rpm
    repoid: ubi-10-for-x86_64-baseos-rpms
    size: 94773
    checksum: sha256:4c557fe5cfa4e71bc8a1ac893adb60af179caa4df3b35c3f93b49465320ba976
    name: rpm-build-libs
    evr: 4.19.1.1-20.el10
    sourcerpm: rpm-4.19.1.1-20.el10.src.rpm
  - url: https://cdn-ubi.redhat.com/content/public/ubi/dist/ubi10/10/x86_64/baseos/os/Packages/r/rpm-sign-libs-4.19.1.1-20.el10.x86_64.rpm
    repoid: ubi-10-for-x86_64-baseos-rpms
    size: 23071
    checksum: sha256:ff3ea6ec12e704eae48f265ae31b7c9a91ff4b3b639927d8fb2c763fc0f21ec7
    name: rpm-sign-libs
    evr: 4.19.1.1-20.el10
    sourcerpm: rpm-4.19.1.1-20.el10.src.rpm
  source: []
  module_metadata: []
